
Microsoft Visual Studio Solution File, Format Version 12.00
# Visual Studio 14
VisualStudioVersion = 14.0.24720.0
MinimumVisualStudioVersion = 10.0.40219.1
Project("{FAE04EC0-301F-11D3-BF4B-00C04F79EFBC}") = "KeyVaultTest", "KeyVaultTest\KeyVaultTest.csproj", "{1417C3A6-2FB8-46ED-BBE8-F79E0ED48AB7}"
EndProject
Project("{FAE04EC0-301F-11D3-BF4B-00C04F79EFBC}") = "CM.KeyVault.Tests", "CM.KeyVault.Tests\CM.KeyVault.Tests.csproj", "{0A44B061-4E8F-49B8-8CD1-00D16D0DD521}"
EndProject
Global
	GlobalSection(SolutionConfigurationPlatforms) = preSolution
		Debug|Any CPU = Debug|Any CPU
		Release|Any CPU = Release|Any CPU
	EndGlobalSection
	GlobalSection(ProjectConfigurationPlatforms) = postSolution
		{1417C3A6-2FB8-46ED-BBE8-F79E0ED48AB7}.Debug|Any CPU.ActiveCfg = Debug|Any CPU
		{1417C3A6-2FB8-46ED-BBE8-F79E0ED48AB7}.Debug|Any CPU.Build.0 = Debug|Any CPU
		{1417C3A6-2FB8-46ED-BBE8-F79E0ED48AB7}.Release|Any CPU.ActiveCfg = Release|Any CPU
		{1417C3A6-2FB8-46ED-BBE8-F79E0ED48AB7}.Release|Any CPU.Build.0 = Release|Any CPU
		{0A44B061-4E8F-49B8-8CD1-00D16D0DD521}.Debug|Any CPU.ActiveCfg = Debug|Any CPU
		{0A44B061-4E8F-49B8-8CD1-00D16D0DD521}.Debug|Any CPU.Build.0 = Debug|Any CPU
		{0A44B061-4E8F-49B8-8CD1-00D16D0DD521}.Release|Any CPU.ActiveCfg = Release|Any CPU
		{0A44B061-4E8F-49B8-8CD1-00D16D0DD521}.Release|Any CPU.Build.0 = Release|Any CPU
	EndGlobalSection
	GlobalSection(SolutionProperties) = preSolution
		HideSolutionNode = FALSE
	EndGlobalSection
EndGlobal
